
Microsoft Visual Studio Solution File, Format Version 12.00
# Visual Studio Version 17
VisualStudioVersion = 17.7.34018.315
MinimumVisualStudioVersion = 10.0.40219.1
Project("{8BC9CEB8-8B4A-11D0-8D11-00A0C91BC942}") = "73.电话号码的字母组合", "73.电话号码的字母组合\73.电话号码的字母组合.vcxproj", "{180672D7-930A-4DBA-873F-C056E8CBA287}"
EndProject
Global
	GlobalSection(SolutionConfigurationPlatforms) = preSolution
		Debug|x64 = Debug|x64
		Debug|x86 = Debug|x86
		Release|x64 = Release|x64
		Release|x86 = Release|x86
	EndGlobalSection
	GlobalSection(ProjectConfigurationPlatforms) = postSolution
		{180672D7-930A-4DBA-873F-C056E8CBA287}.Debug|x64.ActiveCfg = Debug|x64
		{180672D7-930A-4DBA-873F-C056E8CBA287}.Debug|x64.Build.0 = Debug|x64
		{180672D7-930A-4DBA-873F-C056E8CBA287}.Debug|x86.ActiveCfg = Debug|Win32
		{180672D7-930A-4DBA-873F-C056E8CBA287}.Debug|x86.Build.0 = Debug|Win32
		{180672D7-930A-4DBA-873F-C056E8CBA287}.Release|x64.ActiveCfg = Release|x64
		{180672D7-930A-4DBA-873F-C056E8CBA287}.Release|x64.Build.0 = Release|x64
		{180672D7-930A-4DBA-873F-C056E8CBA287}.Release|x86.ActiveCfg = Release|Win32
		{180672D7-930A-4DBA-873F-C056E8CBA287}.Release|x86.Build.0 = Release|Win32
	EndGlobalSection
	GlobalSection(SolutionProperties) = preSolution
		HideSolutionNode = FALSE
	EndGlobalSection
	GlobalSection(ExtensibilityGlobals) = postSolution
		SolutionGuid = {4EF0CDC7-6F58-4CE5-89C0-17898C6BDAE5}
	EndGlobalSection
EndGlobal
